
Microsoft Visual Studio Solution File, Format Version 12.00
# Visual Studio Version 16
VisualStudioVersion = 16.0.30804.86
MinimumVisualStudioVersion = 10.0.40219.1
Project("{FAE04EC0-301F-11D3-BF4B-00C04F79EFBC}") = "Countdown_timer", "Countdown_timer.csproj", "{88BEA129-FF04-43C4-8148-AC04FE4FB2F6}"
EndProject
Global
	GlobalSection(SolutionConfigurationPlatforms) = preSolution
		Debug|Any CPU = Debug|Any CPU
		Release|Any CPU = Release|Any CPU
	EndGlobalSection
	GlobalSection(ProjectConfigurationPlatforms) = postSolution
		{88BEA129-FF04-43C4-8148-AC04FE4FB2F6}.Debug|Any CPU.ActiveCfg = Debug|Any CPU
		{88BEA129-FF04-43C4-8148-AC04FE4FB2F6}.Debug|Any CPU.Build.0 = Debug|Any CPU
		{88BEA129-FF04-43C4-8148-AC04FE4FB2F6}.Release|Any CPU.ActiveCfg = Release|Any CPU
		{88BEA129-FF04-43C4-8148-AC04FE4FB2F6}.Release|Any CPU.Build.0 = Release|Any CPU
	EndGlobalSection
	GlobalSection(SolutionProperties) = preSolution
		HideSolutionNode = FALSE
	EndGlobalSection
	GlobalSection(ExtensibilityGlobals) = postSolution
		SolutionGuid = {BA85FB4E-BB12-446B-ACCA-0FD9EF77D343}
	EndGlobalSection
EndGlobal
